
Microsoft Visual Studio Solution File, Format Version 12.00
# Visual Studio 2012
Project("{FAE04EC0-301F-11D3-BF4B-00C04F79EFBC}") = "Senparc.Weixin.MP", "Senparc.Weixin.MP\Senparc.Weixin.MP.csproj", "{1D815FBF-451C-4E23-939C-CB80172F445C}"
EndProject
Project("{FAE04EC0-301F-11D3-BF4B-00C04F79EFBC}") = "UI", "UI\UI.csproj", "{DCF1C0F8-B18F-453E-9351-2EC9407017F4}"
EndProject
Project("{FAE04EC0-301F-11D3-BF4B-00C04F79EFBC}") = "Senparc.Weixin", "Senparc.Weixin\Senparc.Weixin.csproj", "{814092CD-9CD0-4FB7-91E8-D147F476F1FB}"
EndProject
Project("{FAE04EC0-301F-11D3-BF4B-00C04F79EFBC}") = "WX.Services", "WX.Services\WX.Services.csproj", "{E96DC46C-65B4-41C1-9330-12FFE25CC027}"
EndProject
Project("{FAE04EC0-301F-11D3-BF4B-00C04F79EFBC}") = "DB.Services", "DB.Services\DB.Services.csproj", "{65BAEEAF-D282-40B7-86FE-F47FE670CA89}"
EndProject
Project("{FAE04EC0-301F-11D3-BF4B-00C04F79EFBC}") = "DB.Entity", "DB.Entity\DB.Entity.csproj", "{E59AB654-8C56-4AA9-81A6-E4B4CA37BCEE}"
EndProject
Project("{FAE04EC0-301F-11D3-BF4B-00C04F79EFBC}") = "Common", "Common\Common.csproj", "{7DC8C175-796F-4AE5-9234-425123852D95}"
EndProject
Project("{2150E333-8FDC-42A3-9474-1A3956D46DE8}") = "Services", "Services", "{A25B86A3-CB76-4DF8-B750-2D58954305FC}"
EndProject
Project("{2150E333-8FDC-42A3-9474-1A3956D46DE8}") = "WX", "WX", "{D58B1E3F-AA5E-4DB8-AA80-F6332F1EE9CE}"
EndProject
Project("{FAE04EC0-301F-11D3-BF4B-00C04F79EFBC}") = "TB.Services", "TB.Services\TB.Services.csproj", "{87BAC788-E2A8-423A-8899-A25897BF23E1}"
EndProject
Global
	GlobalSection(SolutionConfigurationPlatforms) = preSolution
		Debug|Any CPU = Debug|Any CPU
		Debug|x86 = Debug|x86
		Release|Any CPU = Release|Any CPU
		Release|x86 = Release|x86
		Test|Any CPU = Test|Any CPU
		Test|x86 = Test|x86
	EndGlobalSection
	GlobalSection(ProjectConfigurationPlatforms) = postSolution
		{1D815FBF-451C-4E23-939C-CB80172F445C}.Debug|Any CPU.ActiveCfg = Debug|Any CPU
		{1D815FBF-451C-4E23-939C-CB80172F445C}.Debug|Any CPU.Build.0 = Debug|Any CPU
		{1D815FBF-451C-4E23-939C-CB80172F445C}.Debug|x86.ActiveCfg = Debug|x86
		{1D815FBF-451C-4E23-939C-CB80172F445C}.Debug|x86.Build.0 = Debug|x86
		{1D815FBF-451C-4E23-939C-CB80172F445C}.Release|Any CPU.ActiveCfg = Release|Any CPU
		{1D815FBF-451C-4E23-939C-CB80172F445C}.Release|Any CPU.Build.0 = Release|Any CPU
		{1D815FBF-451C-4E23-939C-CB80172F445C}.Release|x86.ActiveCfg = Release|x86
		{1D815FBF-451C-4E23-939C-CB80172F445C}.Release|x86.Build.0 = Release|x86
		{1D815FBF-451C-4E23-939C-CB80172F445C}.Test|Any CPU.ActiveCfg = Test|Any CPU
		{1D815FBF-451C-4E23-939C-CB80172F445C}.Test|Any CPU.Build.0 = Test|Any CPU
		{1D815FBF-451C-4E23-939C-CB80172F445C}.Test|x86.ActiveCfg = Test|x86
		{1D815FBF-451C-4E23-939C-CB80172F445C}.Test|x86.Build.0 = Test|x86
		{DCF1C0F8-B18F-453E-9351-2EC9407017F4}.Debug|Any CPU.ActiveCfg = Debug|Any CPU
		{DCF1C0F8-B18F-453E-9351-2EC9407017F4}.Debug|Any CPU.Build.0 = Debug|Any CPU
		{DCF1C0F8-B18F-453E-9351-2EC9407017F4}.Debug|x86.ActiveCfg = Debug|Any CPU
		{DCF1C0F8-B18F-453E-9351-2EC9407017F4}.Release|Any CPU.ActiveCfg = Release|Any CPU
		{DCF1C0F8-B18F-453E-9351-2EC9407017F4}.Release|Any CPU.Build.0 = Release|Any CPU
		{DCF1C0F8-B18F-453E-9351-2EC9407017F4}.Release|x86.ActiveCfg = Release|Any CPU
		{DCF1C0F8-B18F-453E-9351-2EC9407017F4}.Test|Any CPU.ActiveCfg = Release|Any CPU
		{DCF1C0F8-B18F-453E-9351-2EC9407017F4}.Test|Any CPU.Build.0 = Release|Any CPU
		{DCF1C0F8-B18F-453E-9351-2EC9407017F4}.Test|x86.ActiveCfg = Release|Any CPU
		{814092CD-9CD0-4FB7-91E8-D147F476F1FB}.Debug|Any CPU.ActiveCfg = Debug|Any CPU
		{814092CD-9CD0-4FB7-91E8-D147F476F1FB}.Debug|Any CPU.Build.0 = Debug|Any CPU
		{814092CD-9CD0-4FB7-91E8-D147F476F1FB}.Debug|x86.ActiveCfg = Debug|x86
		{814092CD-9CD0-4FB7-91E8-D147F476F1FB}.Debug|x86.Build.0 = Debug|x86
		{814092CD-9CD0-4FB7-91E8-D147F476F1FB}.Release|Any CPU.ActiveCfg = Release|Any CPU
		{814092CD-9CD0-4FB7-91E8-D147F476F1FB}.Release|Any CPU.Build.0 = Release|Any CPU
		{814092CD-9CD0-4FB7-91E8-D147F476F1FB}.Release|x86.ActiveCfg = Release|x86
		{814092CD-9CD0-4FB7-91E8-D147F476F1FB}.Release|x86.Build.0 = Release|x86
		{814092CD-9CD0-4FB7-91E8-D147F476F1FB}.Test|Any CPU.ActiveCfg = Test|Any CPU
		{814092CD-9CD0-4FB7-91E8-D147F476F1FB}.Test|Any CPU.Build.0 = Test|Any CPU
		{814092CD-9CD0-4FB7-91E8-D147F476F1FB}.Test|x86.ActiveCfg = Test|x86
		{814092CD-9CD0-4FB7-91E8-D147F476F1FB}.Test|x86.Build.0 = Test|x86
		{E96DC46C-65B4-41C1-9330-12FFE25CC027}.Debug|Any CPU.ActiveCfg = Debug|Any CPU
		{E96DC46C-65B4-41C1-9330-12FFE25CC027}.Debug|Any CPU.Build.0 = Debug|Any CPU
		{E96DC46C-65B4-41C1-9330-12FFE25CC027}.Debug|x86.ActiveCfg = Debug|Any CPU
		{E96DC46C-65B4-41C1-9330-12FFE25CC027}.Release|Any CPU.ActiveCfg = Release|Any CPU
		{E96DC46C-65B4-41C1-9330-12FFE25CC027}.Release|Any CPU.Build.0 = Release|Any CPU
		{E96DC46C-65B4-41C1-9330-12FFE25CC027}.Release|x86.ActiveCfg = Release|Any CPU
		{E96DC46C-65B4-41C1-9330-12FFE25CC027}.Test|Any CPU.ActiveCfg = Release|Any CPU
		{E96DC46C-65B4-41C1-9330-12FFE25CC027}.Test|Any CPU.Build.0 = Release|Any CPU
		{E96DC46C-65B4-41C1-9330-12FFE25CC027}.Test|x86.ActiveCfg = Release|Any CPU
		{65BAEEAF-D282-40B7-86FE-F47FE670CA89}.Debug|Any CPU.ActiveCfg = Debug|Any CPU
		{65BAEEAF-D282-40B7-86FE-F47FE670CA89}.Debug|Any CPU.Build.0 = Debug|Any CPU
		{65BAEEAF-D282-40B7-86FE-F47FE670CA89}.Debug|x86.ActiveCfg = Debug|Any CPU
		{65BAEEAF-D282-40B7-86FE-F47FE670CA89}.Release|Any CPU.ActiveCfg = Release|Any CPU
		{65BAEEAF-D282-40B7-86FE-F47FE670CA89}.Release|Any CPU.Build.0 = Release|Any CPU
		{65BAEEAF-D282-40B7-86FE-F47FE670CA89}.Release|x86.ActiveCfg = Release|Any CPU
		{65BAEEAF-D282-40B7-86FE-F47FE670CA89}.Test|Any CPU.ActiveCfg = Release|Any CPU
		{65BAEEAF-D282-40B7-86FE-F47FE670CA89}.Test|Any CPU.Build.0 = Release|Any CPU
		{65BAEEAF-D282-40B7-86FE-F47FE670CA89}.Test|x86.ActiveCfg = Release|Any CPU
		{E59AB654-8C56-4AA9-81A6-E4B4CA37BCEE}.Debug|Any CPU.ActiveCfg = Debug|Any CPU
		{E59AB654-8C56-4AA9-81A6-E4B4CA37BCEE}.Debug|Any CPU.Build.0 = Debug|Any CPU
		{E59AB654-8C56-4AA9-81A6-E4B4CA37BCEE}.Debug|x86.ActiveCfg = Debug|Any CPU
		{E59AB654-8C56-4AA9-81A6-E4B4CA37BCEE}.Release|Any CPU.ActiveCfg = Release|Any CPU
		{E59AB654-8C56-4AA9-81A6-E4B4CA37BCEE}.Release|Any CPU.Build.0 = Release|Any CPU
		{E59AB654-8C56-4AA9-81A6-E4B4CA37BCEE}.Release|x86.ActiveCfg = Release|Any CPU
		{E59AB654-8C56-4AA9-81A6-E4B4CA37BCEE}.Test|Any CPU.ActiveCfg = Release|Any CPU
		{E59AB654-8C56-4AA9-81A6-E4B4CA37BCEE}.Test|Any CPU.Build.0 = Release|Any CPU
		{E59AB654-8C56-4AA9-81A6-E4B4CA37BCEE}.Test|x86.ActiveCfg = Release|Any CPU
		{7DC8C175-796F-4AE5-9234-425123852D95}.Debug|Any CPU.ActiveCfg = Debug|Any CPU
		{7DC8C175-796F-4AE5-9234-425123852D95}.Debug|Any CPU.Build.0 = Debug|Any CPU
		{7DC8C175-796F-4AE5-9234-425123852D95}.Debug|x86.ActiveCfg = Debug|Any CPU
		{7DC8C175-796F-4AE5-9234-425123852D95}.Release|Any CPU.ActiveCfg = Release|Any CPU
		{7DC8C175-796F-4AE5-9234-425123852D95}.Release|Any CPU.Build.0 = Release|Any CPU
		{7DC8C175-796F-4AE5-9234-425123852D95}.Release|x86.ActiveCfg = Release|Any CPU
		{7DC8C175-796F-4AE5-9234-425123852D95}.Test|Any CPU.ActiveCfg = Release|Any CPU
		{7DC8C175-796F-4AE5-9234-425123852D95}.Test|Any CPU.Build.0 = Release|Any CPU
		{7DC8C175-796F-4AE5-9234-425123852D95}.Test|x86.ActiveCfg = Release|Any CPU
		{87BAC788-E2A8-423A-8899-A25897BF23E1}.Debug|Any CPU.ActiveCfg = Debug|Any CPU
		{87BAC788-E2A8-423A-8899-A25897BF23E1}.Debug|Any CPU.Build.0 = Debug|Any CPU
		{87BAC788-E2A8-423A-8899-A25897BF23E1}.Debug|x86.ActiveCfg = Debug|Any CPU
		{87BAC788-E2A8-423A-8899-A25897BF23E1}.Release|Any CPU.ActiveCfg = Release|Any CPU
		{87BAC788-E2A8-423A-8899-A25897BF23E1}.Release|Any CPU.Build.0 = Release|Any CPU
		{87BAC788-E2A8-423A-8899-A25897BF23E1}.Release|x86.ActiveCfg = Release|Any CPU
		{87BAC788-E2A8-423A-8899-A25897BF23E1}.Test|Any CPU.ActiveCfg = Release|Any CPU
		{87BAC788-E2A8-423A-8899-A25897BF23E1}.Test|Any CPU.Build.0 = Release|Any CPU
		{87BAC788-E2A8-423A-8899-A25897BF23E1}.Test|x86.ActiveCfg = Release|Any CPU
	EndGlobalSection
	GlobalSection(SolutionProperties) = preSolution
		HideSolutionNode = FALSE
	EndGlobalSection
	GlobalSection(NestedProjects) = preSolution
		{814092CD-9CD0-4FB7-91E8-D147F476F1FB} = {D58B1E3F-AA5E-4DB8-AA80-F6332F1EE9CE}
		{1D815FBF-451C-4E23-939C-CB80172F445C} = {D58B1E3F-AA5E-4DB8-AA80-F6332F1EE9CE}
		{65BAEEAF-D282-40B7-86FE-F47FE670CA89} = {A25B86A3-CB76-4DF8-B750-2D58954305FC}
		{E96DC46C-65B4-41C1-9330-12FFE25CC027} = {A25B86A3-CB76-4DF8-B750-2D58954305FC}
		{87BAC788-E2A8-423A-8899-A25897BF23E1} = {A25B86A3-CB76-4DF8-B750-2D58954305FC}
	EndGlobalSection
EndGlobal
